<?xml version="1.0" encoding="utf-8"?>
<Project ToolsVersion="4.0" xmlns="http://schemas.microsoft.com/developer/msbuild/2003">
  <ItemGroup>
    <Filter Include="Source Files">
      <UniqueIdentifier>{4FC737F1-C7A5-4376-A066-2A32D752A2FF}</UniqueIdentifier>
      <Extensions>cpp;c;cc;cxx;c++;cppm;ixx;def;odl;idl;hpj;bat;asm;asmx</Extensions>
    </Filter>
    <Filter Include="Header Files">
      <UniqueIdentifier>{93995380-89BD-4b04-88EB-625FBE52EBFB}</UniqueIdentifier>
      <Extensions>h;hh;hpp;hxx;h++;hm;inl;inc;ipp;xsd</Extensions>
    </Filter>
    <Filter Include="Resource Files">
      <UniqueIdentifier>{67DA6AB6-F800-4c08-8B7A-83BB121AAD01}</UniqueIdentifier>
      <Extensions>rc;ico;cur;bmp;dlg;rc2;rct;bin;rgs;gif;jpg;jpeg;jpe;resx;tiff;tif;png;wav;mfcribbon-ms</Extensions>
    </Filter>
  </ItemGroup>
  <ItemGroup>
    <ClCompile Include="RPGBattleSimulator.cpp">
      <Filter>Source Files</Filter>
    </ClCompile>
    <ClCompile Include="Character.cpp">
      <Filter>Source Files</Filter>
    </ClCompile>
    <ClCompile Include="Item.cpp">
      <Filter>Source Files</Filter>
    </ClCompile>
    <ClCompile Include="EquippedItem.cpp">
      <Filter>Source Files</Filter>
    </ClCompile>
    <ClCompile Include="InitBattle.cpp">
      <Filter>Source Files</Filter>
    </ClCompile>
    <ClCompile Include="DebuffData.cpp">
      <Filter>Source Files</Filter>
    </ClCompile>
    <ClCompile Include="InitBattleMenuState.cpp">
      <Filter>Source Files</Filter>
    </ClCompile>
    <ClCompile Include="CharacterSelectMenuState.cpp">
      <Filter>Source Files</Filter>
    </ClCompile>
    <ClCompile Include="MainMenuState.cpp">
      <Filter>Source Files</Filter>
    </ClCompile>
    <ClCompile Include="ItemMenuState.cpp">
      <Filter>Source Files</Filter>
    </ClCompile>
    <ClCompile Include="ConsumableItem.cpp">
      <Filter>Source Files</Filter>
    </ClCompile>
    <ClCompile Include="Spell.cpp">
      <Filter>Source Files</Filter>
    </ClCompile>
    <ClCompile Include="ModifierSpell.cpp">
      <Filter>Source Files</Filter>
    </ClCompile>
    <ClCompile Include="DamageSpell.cpp">
      <Filter>Source Files</Filter>
    </ClCompile>
    <ClCompile Include="HealingSpell.cpp">
      <Filter>Source Files</Filter>
    </ClCompile>
    <ClCompile Include="DebuffSpell.cpp">
      <Filter>Source Files</Filter>
    </ClCompile>
    <ClCompile Include="DebuffFactory.cpp">
      <Filter>Source Files</Filter>
    </ClCompile>
    <ClCompile Include="BuffSpell.cpp">
      <Filter>Source Files</Filter>
    </ClCompile>
    <ClCompile Include="BuffData.cpp">
      <Filter>Source Files</Filter>
    </ClCompile>
    <ClCompile Include="BuffFactory.cpp">
      <Filter>Source Files</Filter>
    </ClCompile>
    <ClCompile Include="BuffDebuffHandler.cpp">
      <Filter>Source Files</Filter>
    </ClCompile>
    <ClCompile Include="PlayerCharacter.cpp">
      <Filter>Source Files</Filter>
    </ClCompile>
    <ClCompile Include="SpellHandler.cpp">
      <Filter>Source Files</Filter>
    </ClCompile>
    <ClCompile Include="BuffConsumableItem.cpp">
      <Filter>Source Files</Filter>
    </ClCompile>
    <ClCompile Include="DebuffConsumableItem.cpp">
      <Filter>Source Files</Filter>
    </ClCompile>
    <ClCompile Include="NonBuffDebuffConsumableItem.cpp">
      <Filter>Source Files</Filter>
    </ClCompile>
    <ClCompile Include="ConsumableItemFactory.cpp">
      <Filter>Source Files</Filter>
    </ClCompile>
    <ClCompile Include="Battle.cpp">
      <Filter>Source Files</Filter>
    </ClCompile>
  </ItemGroup>
  <ItemGroup>
    <ClInclude Include="Character.h">
      <Filter>Header Files</Filter>
    </ClInclude>
    <ClInclude Include="Item.h">
      <Filter>Header Files</Filter>
    </ClInclude>
    <ClInclude Include="ItemSlotsEnum.h">
      <Filter>Header Files</Filter>
    </ClInclude>
    <ClInclude Include="BuffTypeEnum.h">
      <Filter>Header Files</Filter>
    </ClInclude>
    <ClInclude Include="EquippedItem.h">
      <Filter>Header Files</Filter>
    </ClInclude>
    <ClInclude Include="ItemBuffPairs.h">
      <Filter>Header Files</Filter>
    </ClInclude>
    <ClInclude Include="CurrentlyEquippedItems.h">
      <Filter>Header Files</Filter>
    </ClInclude>
    <ClInclude Include="InitBattle.h">
      <Filter>Header Files</Filter>
    </ClInclude>
    <ClInclude Include="DebuffTypeEnum.h">
      <Filter>Header Files</Filter>
    </ClInclude>
    <ClInclude Include="DebuffData.h">
      <Filter>Header Files</Filter>
    </ClInclude>
    <ClInclude Include="InitBattleMenuState.h">
      <Filter>Header Files</Filter>
    </ClInclude>
    <ClInclude Include="CharacterSelectMenuState.h">
      <Filter>Header Files</Filter>
    </ClInclude>
    <ClInclude Include="MainMenuState.h">
      <Filter>Header Files</Filter>
    </ClInclude>
    <ClInclude Include="ItemMenuState.h">
      <Filter>Header Files</Filter>
    </ClInclude>
    <ClInclude Include="ConsumableItem.h">
      <Filter>Header Files</Filter>
    </ClInclude>
    <ClInclude Include="Spell.h">
      <Filter>Header Files</Filter>
    </ClInclude>
    <ClInclude Include="ModifierSpell.h">
      <Filter>Header Files</Filter>
    </ClInclude>
    <ClInclude Include="DamageSpell.h">
      <Filter>Header Files</Filter>
    </ClInclude>
    <ClInclude Include="HealingSpell.h">
      <Filter>Header Files</Filter>
    </ClInclude>
    <ClInclude Include="DebuffSpell.h">
      <Filter>Header Files</Filter>
    </ClInclude>
    <ClInclude Include="DebuffFactory.h">
      <Filter>Header Files</Filter>
    </ClInclude>
    <ClInclude Include="BuffSpell.h">
      <Filter>Header Files</Filter>
    </ClInclude>
    <ClInclude Include="BuffData.h">
      <Filter>Header Files</Filter>
    </ClInclude>
    <ClInclude Include="BuffFactory.h">
      <Filter>Header Files</Filter>
    </ClInclude>
    <ClInclude Include="BuffDebuffHandler.h">
      <Filter>Header Files</Filter>
    </ClInclude>
    <ClInclude Include="PlayerCharacter.h">
      <Filter>Header Files</Filter>
    </ClInclude>
    <ClInclude Include="SpellHandler.h">
      <Filter>Header Files</Filter>
    </ClInclude>
    <ClInclude Include="BuffConsumableItem.h">
      <Filter>Header Files</Filter>
    </ClInclude>
    <ClInclude Include="DebuffConsumableItem.h">
      <Filter>Header Files</Filter>
    </ClInclude>
    <ClInclude Include="NonBuffDebuffConsumableItem.h">
      <Filter>Header Files</Filter>
    </ClInclude>
    <ClInclude Include="ConsumableItemFactory.h">
      <Filter>Header Files</Filter>
    </ClInclude>
    <ClInclude Include="Battle.h">
      <Filter>Header Files</Filter>
    </ClInclude>
  </ItemGroup>
  <ItemGroup>
    <Text Include="PartyMembers.txt" />
  </ItemGroup>
  <ItemGroup>
    <None Include="PartyMembers.json" />
    <None Include="packages.config" />
    <None Include="EquippedItems.json" />
    <None Include="DamageSpells.json" />
    <None Include="HealingSpells.json" />
    <None Include="ConsumableItems.json" />
  </ItemGroup>
</Project>